
Microsoft Visual Studio Solution File, Format Version 12.00
# Visual Studio Version 17
VisualStudioVersion = 17.9.34723.18
MinimumVisualStudioVersion = 10.0.40219.1
Project("{FAE04EC0-301F-11D3-BF4B-00C04F79EFBC}") = "SP1OttonelloPaloma", "SP1OttonelloPaloma\SP1OttonelloPaloma.csproj", "{1211C6A6-9121-4FDC-8C7E-8FA2B9A7B6FA}"
EndProject
Global
	GlobalSection(SolutionConfigurationPlatforms) = preSolution
		Debug|Any CPU = Debug|Any CPU
		Release|Any CPU = Release|Any CPU
	EndGlobalSection
	GlobalSection(ProjectConfigurationPlatforms) = postSolution
		{1211C6A6-9121-4FDC-8C7E-8FA2B9A7B6FA}.Debug|Any CPU.ActiveCfg = Debug|Any CPU
		{1211C6A6-9121-4FDC-8C7E-8FA2B9A7B6FA}.Debug|Any CPU.Build.0 = Debug|Any CPU
		{1211C6A6-9121-4FDC-8C7E-8FA2B9A7B6FA}.Release|Any CPU.ActiveCfg = Release|Any CPU
		{1211C6A6-9121-4FDC-8C7E-8FA2B9A7B6FA}.Release|Any CPU.Build.0 = Release|Any CPU
	EndGlobalSection
	GlobalSection(SolutionProperties) = preSolution
		HideSolutionNode = FALSE
	EndGlobalSection
	GlobalSection(ExtensibilityGlobals) = postSolution
		SolutionGuid = {1E4BC15E-E6BC-4FC8-A137-DC2B08B6DB3B}
	EndGlobalSection
EndGlobal
